
Microsoft Visual Studio Solution File, Format Version 12.00
# Visual Studio 2012
Project("{FAE04EC0-301F-11D3-BF4B-00C04F79EFBC}") = "Entidades", "Entidades\Entidades.csproj", "{899F0751-485E-44DA-9F72-EDEAD499C2AA}"
EndProject
Project("{FAE04EC0-301F-11D3-BF4B-00C04F79EFBC}") = "MiCalculadora", "MiCalculadora\MiCalculadora.csproj", "{001432A9-B48E-4AB6-806C-C147D9B97291}"
EndProject
Global
	GlobalSection(SolutionConfigurationPlatforms) = preSolution
		Debug|Any CPU = Debug|Any CPU
		Release|Any CPU = Release|Any CPU
	EndGlobalSection
	GlobalSection(ProjectConfigurationPlatforms) = postSolution
		{899F0751-485E-44DA-9F72-EDEAD499C2AA}.Debug|Any CPU.ActiveCfg = Debug|Any CPU
		{899F0751-485E-44DA-9F72-EDEAD499C2AA}.Debug|Any CPU.Build.0 = Debug|Any CPU
		{899F0751-485E-44DA-9F72-EDEAD499C2AA}.Release|Any CPU.ActiveCfg = Release|Any CPU
		{899F0751-485E-44DA-9F72-EDEAD499C2AA}.Release|Any CPU.Build.0 = Release|Any CPU
		{001432A9-B48E-4AB6-806C-C147D9B97291}.Debug|Any CPU.ActiveCfg = Debug|Any CPU
		{001432A9-B48E-4AB6-806C-C147D9B97291}.Debug|Any CPU.Build.0 = Debug|Any CPU
		{001432A9-B48E-4AB6-806C-C147D9B97291}.Release|Any CPU.ActiveCfg = Release|Any CPU
		{001432A9-B48E-4AB6-806C-C147D9B97291}.Release|Any CPU.Build.0 = Release|Any CPU
	EndGlobalSection
	GlobalSection(SolutionProperties) = preSolution
		HideSolutionNode = FALSE
	EndGlobalSection
EndGlobal
