
Microsoft Visual Studio Solution File, Format Version 12.00
# Visual Studio Version 16
VisualStudioVersion = 16.0.30225.117
MinimumVisualStudioVersion = 10.0.40219.1
Project("{FAE04EC0-301F-11D3-BF4B-00C04F79EFBC}") = "Clases Abstractas", "Clases Abstractas\Clases Abstractas.csproj", "{3BF7F72F-7ED2-457C-BE9D-A29F5E5B41F7}"
EndProject
Project("{FAE04EC0-301F-11D3-BF4B-00C04F79EFBC}") = "Excepciones", "Excepciones\Excepciones.csproj", "{8BD46457-D61F-402A-A2B1-B4A34956CD59}"
EndProject
Project("{FAE04EC0-301F-11D3-BF4B-00C04F79EFBC}") = "Clases Instanciables", "Clases Instanciables\Clases Instanciables.csproj", "{EB5208D7-0AB8-459A-A41F-B33020CEA985}"
EndProject
Project("{FAE04EC0-301F-11D3-BF4B-00C04F79EFBC}") = "Archivos", "Archivos\Archivos.csproj", "{18F81548-62AC-438B-8B84-C86AA3262DED}"
EndProject
Project("{FAE04EC0-301F-11D3-BF4B-00C04F79EFBC}") = "Test", "Test\Test.csproj", "{EE462D43-0607-4D07-9DA8-1B6C5E2B9390}"
EndProject
Project("{FAE04EC0-301F-11D3-BF4B-00C04F79EFBC}") = "TestUnitario", "TestUnitario\TestUnitario.csproj", "{8A333A62-6287-4A3A-947A-416687800D67}"
EndProject
Global
	GlobalSection(SolutionConfigurationPlatforms) = preSolution
		Debug|Any CPU = Debug|Any CPU
		Release|Any CPU = Release|Any CPU
	EndGlobalSection
	GlobalSection(ProjectConfigurationPlatforms) = postSolution
		{3BF7F72F-7ED2-457C-BE9D-A29F5E5B41F7}.Debug|Any CPU.ActiveCfg = Debug|Any CPU
		{3BF7F72F-7ED2-457C-BE9D-A29F5E5B41F7}.Debug|Any CPU.Build.0 = Debug|Any CPU
		{3BF7F72F-7ED2-457C-BE9D-A29F5E5B41F7}.Release|Any CPU.ActiveCfg = Release|Any CPU
		{3BF7F72F-7ED2-457C-BE9D-A29F5E5B41F7}.Release|Any CPU.Build.0 = Release|Any CPU
		{8BD46457-D61F-402A-A2B1-B4A34956CD59}.Debug|Any CPU.ActiveCfg = Debug|Any CPU
		{8BD46457-D61F-402A-A2B1-B4A34956CD59}.Debug|Any CPU.Build.0 = Debug|Any CPU
		{8BD46457-D61F-402A-A2B1-B4A34956CD59}.Release|Any CPU.ActiveCfg = Release|Any CPU
		{8BD46457-D61F-402A-A2B1-B4A34956CD59}.Release|Any CPU.Build.0 = Release|Any CPU
		{EB5208D7-0AB8-459A-A41F-B33020CEA985}.Debug|Any CPU.ActiveCfg = Debug|Any CPU
		{EB5208D7-0AB8-459A-A41F-B33020CEA985}.Debug|Any CPU.Build.0 = Debug|Any CPU
		{EB5208D7-0AB8-459A-A41F-B33020CEA985}.Release|Any CPU.ActiveCfg = Release|Any CPU
		{EB5208D7-0AB8-459A-A41F-B33020CEA985}.Release|Any CPU.Build.0 = Release|Any CPU
		{18F81548-62AC-438B-8B84-C86AA3262DED}.Debug|Any CPU.ActiveCfg = Debug|Any CPU
		{18F81548-62AC-438B-8B84-C86AA3262DED}.Debug|Any CPU.Build.0 = Debug|Any CPU
		{18F81548-62AC-438B-8B84-C86AA3262DED}.Release|Any CPU.ActiveCfg = Release|Any CPU
		{18F81548-62AC-438B-8B84-C86AA3262DED}.Release|Any CPU.Build.0 = Release|Any CPU
		{EE462D43-0607-4D07-9DA8-1B6C5E2B9390}.Debug|Any CPU.ActiveCfg = Debug|Any CPU
		{EE462D43-0607-4D07-9DA8-1B6C5E2B9390}.Debug|Any CPU.Build.0 = Debug|Any CPU
		{EE462D43-0607-4D07-9DA8-1B6C5E2B9390}.Release|Any CPU.ActiveCfg = Release|Any CPU
		{EE462D43-0607-4D07-9DA8-1B6C5E2B9390}.Release|Any CPU.Build.0 = Release|Any CPU
		{8A333A62-6287-4A3A-947A-416687800D67}.Debug|Any CPU.ActiveCfg = Debug|Any CPU
		{8A333A62-6287-4A3A-947A-416687800D67}.Debug|Any CPU.Build.0 = Debug|Any CPU
		{8A333A62-6287-4A3A-947A-416687800D67}.Release|Any CPU.ActiveCfg = Release|Any CPU
		{8A333A62-6287-4A3A-947A-416687800D67}.Release|Any CPU.Build.0 = Release|Any CPU
	EndGlobalSection
	GlobalSection(SolutionProperties) = preSolution
		HideSolutionNode = FALSE
	EndGlobalSection
	GlobalSection(ExtensibilityGlobals) = postSolution
		SolutionGuid = {05478C85-6AF3-41C7-9EAE-2174B6E86123}
	EndGlobalSection
EndGlobal
